
Microsoft Visual Studio Solution File, Format Version 12.00
# Visual Studio Version 17
VisualStudioVersion = 17.7.34031.279
MinimumVisualStudioVersion = 10.0.40219.1
Project("{9A19103F-16F7-4668-BE54-9A1E7A4F7556}") = "CourseRegisterApplication.Shared", "CourseRegisterApplication.Shared\CourseRegisterApplication.Shared.csproj", "{AB5C061C-5639-4AC9-8E44-C87DDBED9D8F}"
EndProject
Project("{9A19103F-16F7-4668-BE54-9A1E7A4F7556}") = "CourseRegisterApplication.Server", "CourseRegisterApplication.Server\CourseRegisterApplication.Server.csproj", "{34E036E5-1C77-445F-890A-C59F0B641F20}"
EndProject
Project("{9A19103F-16F7-4668-BE54-9A1E7A4F7556}") = "CourseRegisterApplication.MAUI", "..\..\..\CourseRegisterApplication_SE214\CourseRegisterApplication.MAUI\CourseRegisterApplication.MAUI.csproj", "{755018FF-017D-46BB-BA42-66E1B7D16DF4}"
EndProject
Global
	GlobalSection(SolutionConfigurationPlatforms) = preSolution
		Debug|Any CPU = Debug|Any CPU
		Release|Any CPU = Release|Any CPU
	EndGlobalSection
	GlobalSection(ProjectConfigurationPlatforms) = postSolution
		{AB5C061C-5639-4AC9-8E44-C87DDBED9D8F}.Debug|Any CPU.ActiveCfg = Debug|Any CPU
		{AB5C061C-5639-4AC9-8E44-C87DDBED9D8F}.Debug|Any CPU.Build.0 = Debug|Any CPU
		{AB5C061C-5639-4AC9-8E44-C87DDBED9D8F}.Release|Any CPU.ActiveCfg = Release|Any CPU
		{AB5C061C-5639-4AC9-8E44-C87DDBED9D8F}.Release|Any CPU.Build.0 = Release|Any CPU
		{34E036E5-1C77-445F-890A-C59F0B641F20}.Debug|Any CPU.ActiveCfg = Debug|Any CPU
		{34E036E5-1C77-445F-890A-C59F0B641F20}.Debug|Any CPU.Build.0 = Debug|Any CPU
		{34E036E5-1C77-445F-890A-C59F0B641F20}.Release|Any CPU.ActiveCfg = Release|Any CPU
		{34E036E5-1C77-445F-890A-C59F0B641F20}.Release|Any CPU.Build.0 = Release|Any CPU
		{755018FF-017D-46BB-BA42-66E1B7D16DF4}.Debug|Any CPU.ActiveCfg = Debug|Any CPU
		{755018FF-017D-46BB-BA42-66E1B7D16DF4}.Debug|Any CPU.Build.0 = Debug|Any CPU
		{755018FF-017D-46BB-BA42-66E1B7D16DF4}.Debug|Any CPU.Deploy.0 = Debug|Any CPU
		{755018FF-017D-46BB-BA42-66E1B7D16DF4}.Release|Any CPU.ActiveCfg = Release|Any CPU
		{755018FF-017D-46BB-BA42-66E1B7D16DF4}.Release|Any CPU.Build.0 = Release|Any CPU
		{755018FF-017D-46BB-BA42-66E1B7D16DF4}.Release|Any CPU.Deploy.0 = Release|Any CPU
	EndGlobalSection
	GlobalSection(SolutionProperties) = preSolution
		HideSolutionNode = FALSE
	EndGlobalSection
	GlobalSection(ExtensibilityGlobals) = postSolution
		SolutionGuid = {6F1E388C-D72D-4998-A494-A155C7C1D13C}
	EndGlobalSection
EndGlobal
